
Microsoft Visual Studio Solution File, Format Version 12.00
# Visual Studio Version 17
VisualStudioVersion = 17.9.34728.123
MinimumVisualStudioVersion = 10.0.40219.1
Project("{FAE04EC0-301F-11D3-BF4B-00C04F79EFBC}") = "ThieuDucDungMVC", "ThieuDucDungMVC\ThieuDucDungMVC.csproj", "{907AEFFF-413B-4DCC-B9F9-0FD3DCD0F64D}"
EndProject
Global
	GlobalSection(SolutionConfigurationPlatforms) = preSolution
		Debug|Any CPU = Debug|Any CPU
		Release|Any CPU = Release|Any CPU
	EndGlobalSection
	GlobalSection(ProjectConfigurationPlatforms) = postSolution
		{907AEFFF-413B-4DCC-B9F9-0FD3DCD0F64D}.Debug|Any CPU.ActiveCfg = Debug|Any CPU
		{907AEFFF-413B-4DCC-B9F9-0FD3DCD0F64D}.Debug|Any CPU.Build.0 = Debug|Any CPU
		{907AEFFF-413B-4DCC-B9F9-0FD3DCD0F64D}.Release|Any CPU.ActiveCfg = Release|Any CPU
		{907AEFFF-413B-4DCC-B9F9-0FD3DCD0F64D}.Release|Any CPU.Build.0 = Release|Any CPU
	EndGlobalSection
	GlobalSection(SolutionProperties) = preSolution
		HideSolutionNode = FALSE
	EndGlobalSection
	GlobalSection(ExtensibilityGlobals) = postSolution
		SolutionGuid = {999A9196-B447-4FF7-91DA-96EB96A1D316}
	EndGlobalSection
EndGlobal
